
Microsoft Visual Studio Solution File, Format Version 12.00
# Visual Studio Version 16
VisualStudioVersion = 16.0.31019.35
MinimumVisualStudioVersion = 10.0.40219.1
Project("{FAE04EC0-301F-11D3-BF4B-00C04F79EFBC}") = "CalculadoraHeranca", "CalculadoraHeranca\CalculadoraHeranca.csproj", "{8262CBE1-C821-4221-9076-C50DB59A44ED}"
EndProject
Global
	GlobalSection(SolutionConfigurationPlatforms) = preSolution
		Debug|Any CPU = Debug|Any CPU
		Release|Any CPU = Release|Any CPU
	EndGlobalSection
	GlobalSection(ProjectConfigurationPlatforms) = postSolution
		{8262CBE1-C821-4221-9076-C50DB59A44ED}.Debug|Any CPU.ActiveCfg = Debug|Any CPU
		{8262CBE1-C821-4221-9076-C50DB59A44ED}.Debug|Any CPU.Build.0 = Debug|Any CPU
		{8262CBE1-C821-4221-9076-C50DB59A44ED}.Release|Any CPU.ActiveCfg = Release|Any CPU
		{8262CBE1-C821-4221-9076-C50DB59A44ED}.Release|Any CPU.Build.0 = Release|Any CPU
	EndGlobalSection
	GlobalSection(SolutionProperties) = preSolution
		HideSolutionNode = FALSE
	EndGlobalSection
	GlobalSection(ExtensibilityGlobals) = postSolution
		SolutionGuid = {230F8E1A-6423-42CA-BBCC-28FF0C8E3FD1}
	EndGlobalSection
EndGlobal
